// !$*UTF8*$!
{
	archiveVersion = 1;
	classes = {
	};
	objectVersion = 56;
	objects = {

/* Begin PBXBuildFile section */
		EC02D1BF2A277622003B0EF3 /* CityRow.swift in Sources */ = {isa = PBXBuildFile; fileRef = EC02D1BE2A277622003B0EF3 /* CityRow.swift */; };
		EC02D1C12A27766F003B0EF3 /* CityList.swift in Sources */ = {isa = PBXBuildFile; fileRef = EC02D1C02A27766F003B0EF3 /* CityList.swift */; };
		EC02D1C32A277770003B0EF3 /* CityDetail.swift in Sources */ = {isa = PBXBuildFile; fileRef = EC02D1C22A277770003B0EF3 /* CityDetail.swift */; };
		EC02D1C92A277CD3003B0EF3 /* CityCategoryItem.swift in Sources */ = {isa = PBXBuildFile; fileRef = EC02D1C82A277CD3003B0EF3 /* CityCategoryItem.swift */; };
		EC02D1CB2A277DE4003B0EF3 /* CityCategoryRow.swift in Sources */ = {isa = PBXBuildFile; fileRef = EC02D1CA2A277DE3003B0EF3 /* CityCategoryRow.swift */; };
		EC02D1CD2A278434003B0EF3 /* CityCategoryHomePage.swift in Sources */ = {isa = PBXBuildFile; fileRef = EC02D1CC2A278434003B0EF3 /* CityCategoryHomePage.swift */; };
		EC02D1D02A2788F7003B0EF3 /* FavoriteButton.swift in Sources */ = {isa = PBXBuildFile; fileRef = EC02D1CF2A2788F7003B0EF3 /* FavoriteButton.swift */; };
		EC819A3E2A2608DC00E5D7E8 /* CityGuideAppApp.swift in Sources */ = {isa = PBXBuildFile; fileRef = EC819A3D2A2608DC00E5D7E8 /* CityGuideAppApp.swift */; };
		EC819A402A2608DC00E5D7E8 /* MainView.swift in Sources */ = {isa = PBXBuildFile; fileRef = EC819A3F2A2608DC00E5D7E8 /* MainView.swift */; };
		EC819A422A2608DE00E5D7E8 /* Assets.xcassets in Resources */ = {isa = PBXBuildFile; fileRef = EC819A412A2608DE00E5D7E8 /* Assets.xcassets */; };
		EC819A452A2608DE00E5D7E8 /* Preview Assets.xcassets in Resources */ = {isa = PBXBuildFile; fileRef = EC819A442A2608DE00E5D7E8 /* Preview Assets.xcassets */; };
		EC819A4C2A26405F00E5D7E8 /* CityGuideData.json in Resources */ = {isa = PBXBuildFile; fileRef = EC819A4B2A26405F00E5D7E8 /* CityGuideData.json */; };
		EC819A4E2A264EE100E5D7E8 /* City.swift in Sources */ = {isa = PBXBuildFile; fileRef = EC819A4D2A264EE100E5D7E8 /* City.swift */; };
		EC819A522A26629C00E5D7E8 /* LoadData.swift in Sources */ = {isa = PBXBuildFile; fileRef = EC819A512A26629C00E5D7E8 /* LoadData.swift */; };
		EC819A542A267CE400E5D7E8 /* CircleImage.swift in Sources */ = {isa = PBXBuildFile; fileRef = EC819A532A267CE400E5D7E8 /* CircleImage.swift */; };
		EC819A562A26897E00E5D7E8 /* MapView.swift in Sources */ = {isa = PBXBuildFile; fileRef = EC819A552A26897E00E5D7E8 /* MapView.swift */; };
/* End PBXBuildFile section */

/* Begin PBXFileReference section */
		EC02D1BE2A277622003B0EF3 /* CityRow.swift */ = {isa = PBXFileReference; lastKnownFileType = sourcecode.swift; path = CityRow.swift; sourceTree = "<group>"; };
		EC02D1C02A27766F003B0EF3 /* CityList.swift */ = {isa = PBXFileReference; lastKnownFileType = sourcecode.swift; path = CityList.swift; sourceTree = "<group>"; };
		EC02D1C22A277770003B0EF3 /* CityDetail.swift */ = {isa = PBXFileReference; lastKnownFileType = sourcecode.swift; path = CityDetail.swift; sourceTree = "<group>"; };
		EC02D1C82A277CD3003B0EF3 /* CityCategoryItem.swift */ = {isa = PBXFileReference; lastKnownFileType = sourcecode.swift; path = CityCategoryItem.swift; sourceTree = "<group>"; };
		EC02D1CA2A277DE3003B0EF3 /* CityCategoryRow.swift */ = {isa = PBXFileReference; lastKnownFileType = sourcecode.swift; path = CityCategoryRow.swift; sourceTree = "<group>"; };
		EC02D1CC2A278434003B0EF3 /* CityCategoryHomePage.swift */ = {isa = PBXFileReference; lastKnownFileType = sourcecode.swift; path = CityCategoryHomePage.swift; sourceTree = "<group>"; };
		EC02D1CF2A2788F7003B0EF3 /* FavoriteButton.swift */ = {isa = PBXFileReference; lastKnownFileType = sourcecode.swift; path = FavoriteButton.swift; sourceTree = "<group>"; };
		EC819A3A2A2608DC00E5D7E8 /* CityGuideApp.app */ = {isa = PBXFileReference; explicitFileType = wrapper.application; includeInIndex = 0; path = CityGuideApp.app; sourceTree = BUILT_PRODUCTS_DIR; };
		EC819A3D2A2608DC00E5D7E8 /* CityGuideAppApp.swift */ = {isa = PBXFileReference; lastKnownFileType = sourcecode.swift; path = CityGuideAppApp.swift; sourceTree = "<group>"; };
		EC819A3F2A2608DC00E5D7E8 /* MainView.swift */ = {isa = PBXFileReference; lastKnownFileType = sourcecode.swift; path = MainView.swift; sourceTree = "<group>"; };
		EC819A412A2608DE00E5D7E8 /* Assets.xcassets */ = {isa = PBXFileReference; lastKnownFileType = folder.assetcatalog; path = Assets.xcassets; sourceTree = "<group>"; };
		EC819A442A2608DE00E5D7E8 /* Preview Assets.xcassets */ = {isa = PBXFileReference; lastKnownFileType = folder.assetcatalog; path = "Preview Assets.xcassets"; sourceTree = "<group>"; };
		EC819A4B2A26405F00E5D7E8 /* CityGuideData.json */ = {isa = PBXFileReference; fileEncoding = 4; lastKnownFileType = text.json; path = CityGuideData.json; sourceTree = "<group>"; };
		EC819A4D2A264EE100E5D7E8 /* City.swift */ = {isa = PBXFileReference; lastKnownFileType = sourcecode.swift; path = City.swift; sourceTree = "<group>"; };
		EC819A512A26629C00E5D7E8 /* LoadData.swift */ = {isa = PBXFileReference; lastKnownFileType = sourcecode.swift; path = LoadData.swift; sourceTree = "<group>"; };
		EC819A532A267CE400E5D7E8 /* CircleImage.swift */ = {isa = PBXFileReference; lastKnownFileType = sourcecode.swift; path = CircleImage.swift; sourceTree = "<group>"; };
		EC819A552A26897E00E5D7E8 /* MapView.swift */ = {isa = PBXFileReference; lastKnownFileType = sourcecode.swift; path = MapView.swift; sourceTree = "<group>"; };
/* End PBXFileReference section */

/* Begin PBXFrameworksBuildPhase section */
		EC819A372A2608DC00E5D7E8 /* Frameworks */ = {
			isa = PBXFrameworksBuildPhase;
			buildActionMask = 2147483647;
			files = (
			);
			runOnlyForDeploymentPostprocessing = 0;
		};
/* End PBXFrameworksBuildPhase section */

/* Begin PBXGroup section */
		EC02D1C42A277B4E003B0EF3 /* ListView */ = {
			isa = PBXGroup;
			children = (
				EC02D1C02A27766F003B0EF3 /* CityList.swift */,
				EC02D1C22A277770003B0EF3 /* CityDetail.swift */,
				EC02D1BE2A277622003B0EF3 /* CityRow.swift */,
			);
			path = ListView;
			sourceTree = "<group>";
		};
		EC02D1C52A277B76003B0EF3 /* ListViewHelpers */ = {
			isa = PBXGroup;
			children = (
				EC819A552A26897E00E5D7E8 /* MapView.swift */,
				EC819A532A267CE400E5D7E8 /* CircleImage.swift */,
				EC02D1CF2A2788F7003B0EF3 /* FavoriteButton.swift */,
			);
			path = ListViewHelpers;
			sourceTree = "<group>";
		};
		EC02D1C62A277B9D003B0EF3 /* Resources */ = {
			isa = PBXGroup;
			children = (
				EC819A4B2A26405F00E5D7E8 /* CityGuideData.json */,
				EC819A412A2608DE00E5D7E8 /* Assets.xcassets */,
			);
			path = Resources;
			sourceTree = "<group>";
		};
		EC02D1C72A277BA8003B0EF3 /* ModelData */ = {
			isa = PBXGroup;
			children = (
				EC819A512A26629C00E5D7E8 /* LoadData.swift */,
				EC819A4D2A264EE100E5D7E8 /* City.swift */,
			);
			path = ModelData;
			sourceTree = "<group>";
		};
		EC02D1CE2A27870B003B0EF3 /* ScroolView */ = {
			isa = PBXGroup;
			children = (
				EC02D1CC2A278434003B0EF3 /* CityCategoryHomePage.swift */,
				EC02D1CA2A277DE3003B0EF3 /* CityCategoryRow.swift */,
				EC02D1C82A277CD3003B0EF3 /* CityCategoryItem.swift */,
			);
			path = ScroolView;
			sourceTree = "<group>";
		};
		EC819A312A2608DC00E5D7E8 = {
			isa = PBXGroup;
			children = (
				EC819A3C2A2608DC00E5D7E8 /* CityGuideApp */,
				EC819A3B2A2608DC00E5D7E8 /* Products */,
			);
			sourceTree = "<group>";
		};
		EC819A3B2A2608DC00E5D7E8 /* Products */ = {
			isa = PBXGroup;
			children = (
				EC819A3A2A2608DC00E5D7E8 /* CityGuideApp.app */,
			);
			name = Products;
			sourceTree = "<group>";
		};
		EC819A3C2A2608DC00E5D7E8 /* CityGuideApp */ = {
			isa = PBXGroup;
			children = (
				EC819A3D2A2608DC00E5D7E8 /* CityGuideAppApp.swift */,
				EC819A3F2A2608DC00E5D7E8 /* MainView.swift */,
				EC02D1CE2A27870B003B0EF3 /* ScroolView */,
				EC02D1C42A277B4E003B0EF3 /* ListView */,
				EC02D1C52A277B76003B0EF3 /* ListViewHelpers */,
				EC02D1C72A277BA8003B0EF3 /* ModelData */,
				EC02D1C62A277B9D003B0EF3 /* Resources */,
				EC819A432A2608DE00E5D7E8 /* Preview Content */,
			);
			path = CityGuideApp;
			sourceTree = "<group>";
		};
		EC819A432A2608DE00E5D7E8 /* Preview Content */ = {
			isa = PBXGroup;
			children = (
				EC819A442A2608DE00E5D7E8 /* Preview Assets.xcassets */,
			);
			path = "Preview Content";
			sourceTree = "<group>";
		};
/* End PBXGroup section */

/* Begin PBXNativeTarget section */
		EC819A392A2608DC00E5D7E8 /* CityGuideApp */ = {
			isa = PBXNativeTarget;
			buildConfigurationList = EC819A482A2608DE00E5D7E8 /* Build configuration list for PBXNativeTarget "CityGuideApp" */;
			buildPhases = (
				EC819A362A2608DC00E5D7E8 /* Sources */,
				EC819A372A2608DC00E5D7E8 /* Frameworks */,
				EC819A382A2608DC00E5D7E8 /* Resources */,
			);
			buildRules = (
			);
			dependencies = (
			);
			name = CityGuideApp;
			productName = CityGuideApp;
			productReference = EC819A3A2A2608DC00E5D7E8 /* CityGuideApp.app */;
			productType = "com.apple.product-type.application";
		};
/* End PBXNativeTarget section */

/* Begin PBXProject section */
		EC819A322A2608DC00E5D7E8 /* Project object */ = {
			isa = PBXProject;
			attributes = {
				BuildIndependentTargetsInParallel = 1;
				LastSwiftUpdateCheck = 1430;
				LastUpgradeCheck = 1430;
				TargetAttributes = {
					EC819A392A2608DC00E5D7E8 = {
						CreatedOnToolsVersion = 14.3;
					};
				};
			};
			buildConfigurationList = EC819A352A2608DC00E5D7E8 /* Build configuration list for PBXProject "CityGuideApp" */;
			compatibilityVersion = "Xcode 14.0";
			developmentRegion = en;
			hasScannedForEncodings = 0;
			knownRegions = (
				en,
				Base,
			);
			mainGroup = EC819A312A2608DC00E5D7E8;
			productRefGroup = EC819A3B2A2608DC00E5D7E8 /* Products */;
			projectDirPath = "";
			projectRoot = "";
			targets = (
				EC819A392A2608DC00E5D7E8 /* CityGuideApp */,
			);
		};
/* End PBXProject section */

/* Begin PBXResourcesBuildPhase section */
		EC819A382A2608DC00E5D7E8 /* Resources */ = {
			isa = PBXResourcesBuildPhase;
			buildActionMask = 2147483647;
			files = (
				EC819A4C2A26405F00E5D7E8 /* CityGuideData.json in Resources */,
				EC819A452A2608DE00E5D7E8 /* Preview Assets.xcassets in Resources */,
				EC819A422A2608DE00E5D7E8 /* Assets.xcassets in Resources */,
			);
			runOnlyForDeploymentPostprocessing = 0;
		};
/* End PBXResourcesBuildPhase section */

/* Begin PBXSourcesBuildPhase section */
		EC819A362A2608DC00E5D7E8 /* Sources */ = {
			isa = PBXSourcesBuildPhase;
			buildActionMask = 2147483647;
			files = (
				EC819A402A2608DC00E5D7E8 /* MainView.swift in Sources */,
				EC02D1C12A27766F003B0EF3 /* CityList.swift in Sources */,
				EC02D1BF2A277622003B0EF3 /* CityRow.swift in Sources */,
				EC819A562A26897E00E5D7E8 /* MapView.swift in Sources */,
				EC819A3E2A2608DC00E5D7E8 /* CityGuideAppApp.swift in Sources */,
				EC02D1CB2A277DE4003B0EF3 /* CityCategoryRow.swift in Sources */,
				EC02D1CD2A278434003B0EF3 /* CityCategoryHomePage.swift in Sources */,
				EC819A4E2A264EE100E5D7E8 /* City.swift in Sources */,
				EC819A522A26629C00E5D7E8 /* LoadData.swift in Sources */,
				EC02D1C32A277770003B0EF3 /* CityDetail.swift in Sources */,
				EC819A542A267CE400E5D7E8 /* CircleImage.swift in Sources */,
				EC02D1C92A277CD3003B0EF3 /* CityCategoryItem.swift in Sources */,
				EC02D1D02A2788F7003B0EF3 /* FavoriteButton.swift in Sources */,
			);
			runOnlyForDeploymentPostprocessing = 0;
		};
/* End PBXSourcesBuildPhase section */

/* Begin XCBuildConfiguration section */
		EC819A462A2608DE00E5D7E8 /* Debug */ = {
			isa = XCBuildConfiguration;
			buildSettings = {
				ALWAYS_SEARCH_USER_PATHS = NO;
				CLANG_ANALYZER_NONNULL = YES;
				CLANG_ANALYZER_NUMBER_OBJECT_CONVERSION = YES_AGGRESSIVE;
				CLANG_CXX_LANGUAGE_STANDARD = "gnu++20";
				CLANG_ENABLE_MODULES = YES;
				CLANG_ENABLE_OBJC_ARC = YES;
				CLANG_ENABLE_OBJC_WEAK = YES;
				CLANG_WARN_BLOCK_CAPTURE_AUTORELEASING = YES;
				CLANG_WARN_BOOL_CONVERSION = YES;
				CLANG_WARN_COMMA = YES;
				CLANG_WARN_CONSTANT_CONVERSION = YES;
				CLANG_WARN_DEPRECATED_OBJC_IMPLEMENTATIONS = YES;
				CLANG_WARN_DIRECT_OBJC_ISA_USAGE = YES_ERROR;
				CLANG_WARN_DOCUMENTATION_COMMENTS = YES;
				CLANG_WARN_EMPTY_BODY = YES;
				CLANG_WARN_ENUM_CONVERSION = YES;
				CLANG_WARN_INFINITE_RECURSION = YES;
				CLANG_WARN_INT_CONVERSION = YES;
				CLANG_WARN_NON_LITERAL_NULL_CONVERSION = YES;
				CLANG_WARN_OBJC_IMPLICIT_RETAIN_SELF = YES;
				CLANG_WARN_OBJC_LITERAL_CONVERSION = YES;
				CLANG_WARN_OBJC_ROOT_CLASS = YES_ERROR;
				CLANG_WARN_QUOTED_INCLUDE_IN_FRAMEWORK_HEADER = YES;
				CLANG_WARN_RANGE_LOOP_ANALYSIS = YES;
				CLANG_WARN_STRICT_PROTOTYPES = YES;
				CLANG_WARN_SUSPICIOUS_MOVE = YES;
				CLANG_WARN_UNGUARDED_AVAILABILITY = YES_AGGRESSIVE;
				CLANG_WARN_UNREACHABLE_CODE = YES;
				CLANG_WARN__DUPLICATE_METHOD_MATCH = YES;
				COPY_PHASE_STRIP = NO;
				DEBUG_INFORMATION_FORMAT = dwarf;
				ENABLE_STRICT_OBJC_MSGSEND = YES;
				ENABLE_TESTABILITY = YES;
				GCC_C_LANGUAGE_STANDARD = gnu11;
				GCC_DYNAMIC_NO_PIC = NO;
				GCC_NO_COMMON_BLOCKS = YES;
				GCC_OPTIMIZATION_LEVEL = 0;
				GCC_PREPROCESSOR_DEFINITIONS = (
					"DEBUG=1",
					"$(inherited)",
				);
				GCC_WARN_64_TO_32_BIT_CONVERSION = YES;
				GCC_WARN_ABOUT_RETURN_TYPE = YES_ERROR;
				GCC_WARN_UNDECLARED_SELECTOR = YES;
				GCC_WARN_UNINITIALIZED_AUTOS = YES_AGGRESSIVE;
				GCC_WARN_UNUSED_FUNCTION = YES;
				GCC_WARN_UNUSED_VARIABLE = YES;
				IPHONEOS_DEPLOYMENT_TARGET = 16.4;
				MTL_ENABLE_DEBUG_INFO = INCLUDE_SOURCE;
				MTL_FAST_MATH = YES;
				ONLY_ACTIVE_ARCH = YES;
				SDKROOT = iphoneos;
				SWIFT_ACTIVE_COMPILATION_CONDITIONS = DEBUG;
				SWIFT_OPTIMIZATION_LEVEL = "-Onone";
			};
			name = Debug;
		};
		EC819A472A2608DE00E5D7E8 /* Release */ = {
			isa = XCBuildConfiguration;
			buildSettings = {
				ALWAYS_SEARCH_USER_PATHS = NO;
				CLANG_ANALYZER_NONNULL = YES;
				CLANG_ANALYZER_NUMBER_OBJECT_CONVERSION = YES_AGGRESSIVE;
				CLANG_CXX_LANGUAGE_STANDARD = "gnu++20";
				CLANG_ENABLE_MODULES = YES;
				CLANG_ENABLE_OBJC_ARC = YES;
				CLANG_ENABLE_OBJC_WEAK = YES;
				CLANG_WARN_BLOCK_CAPTURE_AUTORELEASING = YES;
				CLANG_WARN_BOOL_CONVERSION = YES;
				CLANG_WARN_COMMA = YES;
				CLANG_WARN_CONSTANT_CONVERSION = YES;
				CLANG_WARN_DEPRECATED_OBJC_IMPLEMENTATIONS = YES;
				CLANG_WARN_DIRECT_OBJC_ISA_USAGE = YES_ERROR;
				CLANG_WARN_DOCUMENTATION_COMMENTS = YES;
				CLANG_WARN_EMPTY_BODY = YES;
				CLANG_WARN_ENUM_CONVERSION = YES;
				CLANG_WARN_INFINITE_RECURSION = YES;
				CLANG_WARN_INT_CONVERSION = YES;
				CLANG_WARN_NON_LITERAL_NULL_CONVERSION = YES;
				CLANG_WARN_OBJC_IMPLICIT_RETAIN_SELF = YES;
				CLANG_WARN_OBJC_LITERAL_CONVERSION = YES;
				CLANG_WARN_OBJC_ROOT_CLASS = YES_ERROR;
				CLANG_WARN_QUOTED_INCLUDE_IN_FRAMEWORK_HEADER = YES;
				CLANG_WARN_RANGE_LOOP_ANALYSIS = YES;
				CLANG_WARN_STRICT_PROTOTYPES = YES;
				CLANG_WARN_SUSPICIOUS_MOVE = YES;
				CLANG_WARN_UNGUARDED_AVAILABILITY = YES_AGGRESSIVE;
				CLANG_WARN_UNREACHABLE_CODE = YES;
				CLANG_WARN__DUPLICATE_METHOD_MATCH = YES;
				COPY_PHASE_STRIP = NO;
				DEBUG_INFORMATION_FORMAT = "dwarf-with-dsym";
				ENABLE_NS_ASSERTIONS = NO;
				ENABLE_STRICT_OBJC_MSGSEND = YES;
				GCC_C_LANGUAGE_STANDARD = gnu11;
				GCC_NO_COMMON_BLOCKS = YES;
				GCC_WARN_64_TO_32_BIT_CONVERSION = YES;
				GCC_WARN_ABOUT_RETURN_TYPE = YES_ERROR;
				GCC_WARN_UNDECLARED_SELECTOR = YES;
				GCC_WARN_UNINITIALIZED_AUTOS = YES_AGGRESSIVE;
				GCC_WARN_UNUSED_FUNCTION = YES;
				GCC_WARN_UNUSED_VARIABLE = YES;
				IPHONEOS_DEPLOYMENT_TARGET = 16.4;
				MTL_ENABLE_DEBUG_INFO = NO;
				MTL_FAST_MATH = YES;
				SDKROOT = iphoneos;
				SWIFT_COMPILATION_MODE = wholemodule;
				SWIFT_OPTIMIZATION_LEVEL = "-O";
				VALIDATE_PRODUCT = YES;
			};
			name = Release;
		};
		EC819A492A2608DE00E5D7E8 /* Debug */ = {
			isa = XCBuildConfiguration;
			buildSettings = {
				ASSETCATALOG_COMPILER_APPICON_NAME = AppIcon;
				ASSETCATALOG_COMPILER_GLOBAL_ACCENT_COLOR_NAME = AccentColor;
				CODE_SIGN_STYLE = Automatic;
				CURRENT_PROJECT_VERSION = 1;
				DEVELOPMENT_ASSET_PATHS = "\"CityGuideApp/Preview Content\"";
				DEVELOPMENT_TEAM = T92247RL82;
				ENABLE_PREVIEWS = YES;
				GENERATE_INFOPLIST_FILE = YES;
				INFOPLIST_KEY_UIApplicationSceneManifest_Generation = YES;
				INFOPLIST_KEY_UIApplicationSupportsIndirectInputEvents = YES;
				INFOPLIST_KEY_UILaunchScreen_Generation = YES;
				INFOPLIST_KEY_UISupportedInterfaceOrientations_iPad = "UIInterfaceOrientationPortrait UIInterfaceOrientationPortraitUpsideDown UIInterfaceOrientationLandscapeLeft UIInterfaceOrientationLandscapeRight";
				INFOPLIST_KEY_UISupportedInterfaceOrientations_iPhone = "UIInterfaceOrientationPortrait UIInterfaceOrientationLandscapeLeft UIInterfaceOrientationLandscapeRight";
				LD_RUNPATH_SEARCH_PATHS = (
					"$(inherited)",
					"@executable_path/Frameworks",
				);
				MARKETING_VERSION = 1.0;
				PRODUCT_BUNDLE_IDENTIFIER = com.dorukhandemir.CityGuideApp;
				PRODUCT_NAME = "$(TARGET_NAME)";
				SWIFT_EMIT_LOC_STRINGS = YES;
				SWIFT_VERSION = 5.0;
				TARGETED_DEVICE_FAMILY = "1,2";
			};
			name = Debug;
		};
		EC819A4A2A2608DE00E5D7E8 /* Release */ = {
			isa = XCBuildConfiguration;
			buildSettings = {
				ASSETCATALOG_COMPILER_APPICON_NAME = AppIcon;
				ASSETCATALOG_COMPILER_GLOBAL_ACCENT_COLOR_NAME = AccentColor;
				CODE_SIGN_STYLE = Automatic;
				CURRENT_PROJECT_VERSION = 1;
				DEVELOPMENT_ASSET_PATHS = "\"CityGuideApp/Preview Content\"";
				DEVELOPMENT_TEAM = T92247RL82;
				ENABLE_PREVIEWS = YES;
				GENERATE_INFOPLIST_FILE = YES;
				INFOPLIST_KEY_UIApplicationSceneManifest_Generation = YES;
				INFOPLIST_KEY_UIApplicationSupportsIndirectInputEvents = YES;
				INFOPLIST_KEY_UILaunchScreen_Generation = YES;
				INFOPLIST_KEY_UISupportedInterfaceOrientations_iPad = "UIInterfaceOrientationPortrait UIInterfaceOrientationPortraitUpsideDown UIInterfaceOrientationLandscapeLeft UIInterfaceOrientationLandscapeRight";
				INFOPLIST_KEY_UISupportedInterfaceOrientations_iPhone = "UIInterfaceOrientationPortrait UIInterfaceOrientationLandscapeLeft UIInterfaceOrientationLandscapeRight";
				LD_RUNPATH_SEARCH_PATHS = (
					"$(inherited)",
					"@executable_path/Frameworks",
				);
				MARKETING_VERSION = 1.0;
				PRODUCT_BUNDLE_IDENTIFIER = com.dorukhandemir.CityGuideApp;
				PRODUCT_NAME = "$(TARGET_NAME)";
				SWIFT_EMIT_LOC_STRINGS = YES;
				SWIFT_VERSION = 5.0;
				TARGETED_DEVICE_FAMILY = "1,2";
			};
			name = Release;
		};
/* End XCBuildConfiguration section */

/* Begin XCConfigurationList section */
		EC819A352A2608DC00E5D7E8 /* Build configuration list for PBXProject "CityGuideApp" */ = {
			isa = XCConfigurationList;
			buildConfigurations = (
				EC819A462A2608DE00E5D7E8 /* Debug */,
				EC819A472A2608DE00E5D7E8 /* Release */,
			);
			defaultConfigurationIsVisible = 0;
			defaultConfigurationName = Release;
		};
		EC819A482A2608DE00E5D7E8 /* Build configuration list for PBXNativeTarget "CityGuideApp" */ = {
			isa = XCConfigurationList;
			buildConfigurations = (
				EC819A492A2608DE00E5D7E8 /* Debug */,
				EC819A4A2A2608DE00E5D7E8 /* Release */,
			);
			defaultConfigurationIsVisible = 0;
			defaultConfigurationName = Release;
		};
/* End XCConfigurationList section */
	};
	rootObject = EC819A322A2608DC00E5D7E8 /* Project object */;
}
